// !$*UTF8*$!
{
	archiveVersion = 1;
	classes = {
	};
	objectVersion = 46;
	objects = {

/* Begin PBXBuildFile section */
		529C9D081D78F38D008E1A9C /* main.m in Sources */ = {isa = PBXBuildFile; fileRef = 529C9D071D78F38D008E1A9C /* main.m */; };
		529C9D231D7CF8F6008E1A9C /* Implementation.m in Sources */ = {isa = PBXBuildFile; fileRef = 529C9D221D7CF8F6008E1A9C /* Implementation.m */; };
/* End PBXBuildFile section */

/* Begin PBXCopyFilesBuildPhase section */
		529C9D021D78F38D008E1A9C /* CopyFiles */ = {
			isa = PBXCopyFilesBuildPhase;
			buildActionMask = 2147483647;
			dstPath = /usr/share/man/man1/;
			dstSubfolderSpec = 0;
			files = (
			);
			runOnlyForDeploymentPostprocessing = 1;
		};
/* End PBXCopyFilesBuildPhase section */

/* Begin PBXFileReference section */
		529C9D041D78F38D008E1A9C /* EspressoMachine */ = {isa = PBXFileReference; explicitFileType = "compiled.mach-o.executable"; includeInIndex = 0; path = EspressoMachine; sourceTree = BUILT_PRODUCTS_DIR; };
		529C9D071D78F38D008E1A9C /* main.m */ = {isa = PBXFileReference; lastKnownFileType = sourcecode.c.objc; path = main.m; sourceTree = "<group>"; };
		529C9D0E1D78F3E9008E1A9C /* EspressoMachine.h */ = {isa = PBXFileReference; lastKnownFileType = sourcecode.c.h; path = EspressoMachine.h; sourceTree = "<group>"; };
		529C9D221D7CF8F6008E1A9C /* Implementation.m */ = {isa = PBXFileReference; fileEncoding = 4; lastKnownFileType = sourcecode.c.objc; path = Implementation.m; sourceTree = "<group>"; };
		529C9D241D7CFE77008E1A9C /* Delegate.h */ = {isa = PBXFileReference; lastKnownFileType = sourcecode.c.h; path = Delegate.h; sourceTree = "<group>"; };
/* End PBXFileReference section */

/* Begin PBXFrameworksBuildPhase section */
		529C9D011D78F38D008E1A9C /* Frameworks */ = {
			isa = PBXFrameworksBuildPhase;
			buildActionMask = 2147483647;
			files = (
			);
			runOnlyForDeploymentPostprocessing = 0;
		};
/* End PBXFrameworksBuildPhase section */

/* Begin PBXGroup section */
		529C9CFB1D78F38D008E1A9C = {
			isa = PBXGroup;
			children = (
				529C9D061D78F38D008E1A9C /* EspressoMachine */,
				529C9D051D78F38D008E1A9C /* Products */,
			);
			sourceTree = "<group>";
		};
		529C9D051D78F38D008E1A9C /* Products */ = {
			isa = PBXGroup;
			children = (
				529C9D041D78F38D008E1A9C /* EspressoMachine */,
			);
			name = Products;
			sourceTree = "<group>";
		};
		529C9D061D78F38D008E1A9C /* EspressoMachine */ = {
			isa = PBXGroup;
			children = (
				529C9D071D78F38D008E1A9C /* main.m */,
				529C9D0E1D78F3E9008E1A9C /* EspressoMachine.h */,
				529C9D221D7CF8F6008E1A9C /* Implementation.m */,
				529C9D241D7CFE77008E1A9C /* Delegate.h */,
			);
			path = EspressoMachine;
			sourceTree = "<group>";
		};
/* End PBXGroup section */

/* Begin PBXNativeTarget section */
		529C9D031D78F38D008E1A9C /* EspressoMachine */ = {
			isa = PBXNativeTarget;
			buildConfigurationList = 529C9D0B1D78F38D008E1A9C /* Build configuration list for PBXNativeTarget "EspressoMachine" */;
			buildPhases = (
				529C9D001D78F38D008E1A9C /* Sources */,
				529C9D011D78F38D008E1A9C /* Frameworks */,
				529C9D021D78F38D008E1A9C /* CopyFiles */,
			);
			buildRules = (
			);
			dependencies = (
			);
			name = EspressoMachine;
			productName = EspressoMachine;
			productReference = 529C9D041D78F38D008E1A9C /* EspressoMachine */;
			productType = "com.apple.product-type.tool";
		};
/* End PBXNativeTarget section */

/* Begin PBXProject section */
		529C9CFC1D78F38D008E1A9C /* Project object */ = {
			isa = PBXProject;
			attributes = {
				LastUpgradeCheck = 0800;
				ORGANIZATIONNAME = "John Carson";
				TargetAttributes = {
					529C9D031D78F38D008E1A9C = {
						CreatedOnToolsVersion = 8.0;
						ProvisioningStyle = Automatic;
					};
				};
			};
			buildConfigurationList = 529C9CFF1D78F38D008E1A9C /* Build configuration list for PBXProject "EspressoMachine" */;
			compatibilityVersion = "Xcode 3.2";
			developmentRegion = English;
			hasScannedForEncodings = 0;
			knownRegions = (
				en,
			);
			mainGroup = 529C9CFB1D78F38D008E1A9C;
			productRefGroup = 529C9D051D78F38D008E1A9C /* Products */;
			projectDirPath = "";
			projectRoot = "";
			targets = (
				529C9D031D78F38D008E1A9C /* EspressoMachine */,
			);
		};
/* End PBXProject section */

/* Begin PBXSourcesBuildPhase section */
		529C9D001D78F38D008E1A9C /* Sources */ = {
			isa = PBXSourcesBuildPhase;
			buildActionMask = 2147483647;
			files = (
				529C9D081D78F38D008E1A9C /* main.m in Sources */,
				529C9D231D7CF8F6008E1A9C /* Implementation.m in Sources */,
			);
			runOnlyForDeploymentPostprocessing = 0;
		};
/* End PBXSourcesBuildPhase section */

/* Begin XCBuildConfiguration section */
		529C9D091D78F38D008E1A9C /* Debug */ = {
			isa = XCBuildConfiguration;
			buildSettings = {
				ALWAYS_SEARCH_USER_PATHS = NO;
				CLANG_ANALYZER_NONNULL = YES;
				CLANG_CXX_LANGUAGE_STANDARD = "gnu++0x";
				CLANG_CXX_LIBRARY = "libc++";
				CLANG_ENABLE_MODULES = YES;
				CLANG_ENABLE_OBJC_ARC = YES;
				CLANG_WARN_BOOL_CONVERSION = YES;
				CLANG_WARN_CONSTANT_CONVERSION = YES;
				CLANG_WARN_DIRECT_OBJC_ISA_USAGE = YES_ERROR;
				CLANG_WARN_DOCUMENTATION_COMMENTS = YES;
				CLANG_WARN_EMPTY_BODY = YES;
				CLANG_WARN_ENUM_CONVERSION = YES;
				CLANG_WARN_INFINITE_RECURSION = YES;
				CLANG_WARN_INT_CONVERSION = YES;
				CLANG_WARN_OBJC_ROOT_CLASS = YES_ERROR;
				CLANG_WARN_SUSPICIOUS_MOVES = YES;
				CLANG_WARN_UNREACHABLE_CODE = YES;
				CLANG_WARN__DUPLICATE_METHOD_MATCH = YES;
				CODE_SIGN_IDENTITY = "-";
				COPY_PHASE_STRIP = NO;
				DEBUG_INFORMATION_FORMAT = dwarf;
				ENABLE_STRICT_OBJC_MSGSEND = YES;
				ENABLE_TESTABILITY = YES;
				GCC_C_LANGUAGE_STANDARD = gnu99;
				GCC_DYNAMIC_NO_PIC = NO;
				GCC_NO_COMMON_BLOCKS = YES;
				GCC_OPTIMIZATION_LEVEL = 0;
				GCC_PREPROCESSOR_DEFINITIONS = (
					"DEBUG=1",
					"$(inherited)",
				);
				GCC_WARN_64_TO_32_BIT_CONVERSION = YES;
				GCC_WARN_ABOUT_RETURN_TYPE = YES_ERROR;
				GCC_WARN_UNDECLARED_SELECTOR = YES;
				GCC_WARN_UNINITIALIZED_AUTOS = YES_AGGRESSIVE;
				GCC_WARN_UNUSED_FUNCTION = YES;
				GCC_WARN_UNUSED_VARIABLE = YES;
				MACOSX_DEPLOYMENT_TARGET = 10.11;
				MTL_ENABLE_DEBUG_INFO = YES;
				ONLY_ACTIVE_ARCH = YES;
				SDKROOT = macosx;
			};
			name = Debug;
		};
		529C9D0A1D78F38D008E1A9C /* Release */ = {
			isa = XCBuildConfiguration;
			buildSettings = {
				ALWAYS_SEARCH_USER_PATHS = NO;
				CLANG_ANALYZER_NONNULL = YES;
				CLANG_CXX_LANGUAGE_STANDARD = "gnu++0x";
				CLANG_CXX_LIBRARY = "libc++";
				CLANG_ENABLE_MODULES = YES;
				CLANG_ENABLE_OBJC_ARC = YES;
				CLANG_WARN_BOOL_CONVERSION = YES;
				CLANG_WARN_CONSTANT_CONVERSION = YES;
				CLANG_WARN_DIRECT_OBJC_ISA_USAGE = YES_ERROR;
				CLANG_WARN_DOCUMENTATION_COMMENTS = YES;
				CLANG_WARN_EMPTY_BODY = YES;
				CLANG_WARN_ENUM_CONVERSION = YES;
				CLANG_WARN_INFINITE_RECURSION = YES;
				CLANG_WARN_INT_CONVERSION = YES;
				CLANG_WARN_OBJC_ROOT_CLASS = YES_ERROR;
				CLANG_WARN_SUSPICIOUS_MOVES = YES;
				CLANG_WARN_UNREACHABLE_CODE = YES;
				CLANG_WARN__DUPLICATE_METHOD_MATCH = YES;
				CODE_SIGN_IDENTITY = "-";
				COPY_PHASE_STRIP = NO;
				DEBUG_INFORMATION_FORMAT = "dwarf-with-dsym";
				ENABLE_NS_ASSERTIONS = NO;
				ENABLE_STRICT_OBJC_MSGSEND = YES;
				GCC_C_LANGUAGE_STANDARD = gnu99;
				GCC_NO_COMMON_BLOCKS = YES;
				GCC_WARN_64_TO_32_BIT_CONVERSION = YES;
				GCC_WARN_ABOUT_RETURN_TYPE = YES_ERROR;
				GCC_WARN_UNDECLARED_SELECTOR = YES;
				GCC_WARN_UNINITIALIZED_AUTOS = YES_AGGRESSIVE;
				GCC_WARN_UNUSED_FUNCTION = YES;
				GCC_WARN_UNUSED_VARIABLE = YES;
				MACOSX_DEPLOYMENT_TARGET = 10.11;
				MTL_ENABLE_DEBUG_INFO = NO;
				SDKROOT = macosx;
			};
			name = Release;
		};
		529C9D0C1D78F38D008E1A9C /* Debug */ = {
			isa = XCBuildConfiguration;
			buildSettings = {
				PRODUCT_NAME = "$(TARGET_NAME)";
			};
			name = Debug;
		};
		529C9D0D1D78F38D008E1A9C /* Release */ = {
			isa = XCBuildConfiguration;
			buildSettings = {
				PRODUCT_NAME = "$(TARGET_NAME)";
			};
			name = Release;
		};
/* End XCBuildConfiguration section */

/* Begin XCConfigurationList section */
		529C9CFF1D78F38D008E1A9C /* Build configuration list for PBXProject "EspressoMachine" */ = {
			isa = XCConfigurationList;
			buildConfigurations = (
				529C9D091D78F38D008E1A9C /* Debug */,
				529C9D0A1D78F38D008E1A9C /* Release */,
			);
			defaultConfigurationIsVisible = 0;
			defaultConfigurationName = Release;
		};
		529C9D0B1D78F38D008E1A9C /* Build configuration list for PBXNativeTarget "EspressoMachine" */ = {
			isa = XCConfigurationList;
			buildConfigurations = (
				529C9D0C1D78F38D008E1A9C /* Debug */,
				529C9D0D1D78F38D008E1A9C /* Release */,
			);
			defaultConfigurationIsVisible = 0;
			defaultConfigurationName = Release;
		};
/* End XCConfigurationList section */
	};
	rootObject = 529C9CFC1D78F38D008E1A9C /* Project object */;
}
